
Microsoft Visual Studio Solution File, Format Version 12.00
# Visual Studio Version 17
VisualStudioVersion = 17.14.37216.2 d17.14
MinimumVisualStudioVersion = 10.0.40219.1
Project("{FAE04EC0-301F-11D3-BF4B-00C04F79EFBC}") = "MadlibBot", "MadlibBot.csproj", "{2441CF6B-303E-44B7-BDEF-1FB239F742ED}"
EndProject
Global
	GlobalSection(SolutionConfigurationPlatforms) = preSolution
		Debug|Any CPU = Debug|Any CPU
		Release|Any CPU = Release|Any CPU
	EndGlobalSection
	GlobalSection(ProjectConfigurationPlatforms) = postSolution
		{2441CF6B-303E-44B7-BDEF-1FB239F742ED}.Debug|Any CPU.ActiveCfg = Debug|Any CPU
		{2441CF6B-303E-44B7-BDEF-1FB239F742ED}.Debug|Any CPU.Build.0 = Debug|Any CPU
		{2441CF6B-303E-44B7-BDEF-1FB239F742ED}.Release|Any CPU.ActiveCfg = Release|Any CPU
		{2441CF6B-303E-44B7-BDEF-1FB239F742ED}.Release|Any CPU.Build.0 = Release|Any CPU
	EndGlobalSection
	GlobalSection(SolutionProperties) = preSolution
		HideSolutionNode = FALSE
	EndGlobalSection
	GlobalSection(ExtensibilityGlobals) = postSolution
		SolutionGuid = {44C15F88-A879-4C51-8415-80E89D79DEFE}
	EndGlobalSection
EndGlobal
